{
  "pins" : [
    {
      "identity" : "kingfisher",
      "kind" : "remoteSourceControl",
      "location" : "https://github.com/onevcat/Kingfisher.git",
      "state" : {
        "revision" : "e227df15448d2ad1a5d4e4c49722a71c68f9058a",
        "version" : "8.7.0"
      }
    },
    {
      "identity" : "swiftsoup",
      "kind" : "remoteSourceControl",
      "location" : "https://github.com/scinfu/SwiftSoup",
      "state" : {
        "revision" : "dee225a3da7b68d34936abc4dc8f34f2264db647",
        "version" : "2.9.6"
      }
    }
  ],
  "version" : 2
}
